
Microsoft Visual Studio Solution File, Format Version 12.00
# Visual Studio 15
VisualStudioVersion = 15.0.28307.438
MinimumVisualStudioVersion = 10.0.40219.1
Project("{FAE04EC0-301F-11D3-BF4B-00C04F79EFBC}") = "PeopleSearchApplication", "PeopleSearchApplication\PeopleSearchApplication.csproj", "{4BECED55-85A7-4F83-B6BF-FB19FDC03881}"
EndProject
Project("{FAE04EC0-301F-11D3-BF4B-00C04F79EFBC}") = "PeopleSearchApplication.Tests", "PeopleSearchApplication.Tests\PeopleSearchApplication.Tests.csproj", "{F8A4D0F2-BA1C-4C4A-8047-DEA17E41A154}"
EndProject
Global
	GlobalSection(SolutionConfigurationPlatforms) = preSolution
		Debug|Any CPU = Debug|Any CPU
		Release|Any CPU = Release|Any CPU
	EndGlobalSection
	GlobalSection(ProjectConfigurationPlatforms) = postSolution
		{4BECED55-85A7-4F83-B6BF-FB19FDC03881}.Debug|Any CPU.ActiveCfg = Debug|Any CPU
		{4BECED55-85A7-4F83-B6BF-FB19FDC03881}.Debug|Any CPU.Build.0 = Debug|Any CPU
		{4BECED55-85A7-4F83-B6BF-FB19FDC03881}.Release|Any CPU.ActiveCfg = Release|Any CPU
		{4BECED55-85A7-4F83-B6BF-FB19FDC03881}.Release|Any CPU.Build.0 = Release|Any CPU
		{F8A4D0F2-BA1C-4C4A-8047-DEA17E41A154}.Debug|Any CPU.ActiveCfg = Debug|Any CPU
		{F8A4D0F2-BA1C-4C4A-8047-DEA17E41A154}.Debug|Any CPU.Build.0 = Debug|Any CPU
		{F8A4D0F2-BA1C-4C4A-8047-DEA17E41A154}.Release|Any CPU.ActiveCfg = Release|Any CPU
		{F8A4D0F2-BA1C-4C4A-8047-DEA17E41A154}.Release|Any CPU.Build.0 = Release|Any CPU
	EndGlobalSection
	GlobalSection(SolutionProperties) = preSolution
		HideSolutionNode = FALSE
	EndGlobalSection
	GlobalSection(ExtensibilityGlobals) = postSolution
		SolutionGuid = {8E3EF0CE-46E2-4099-935C-2E143250405B}
	EndGlobalSection
EndGlobal
